
Microsoft Visual Studio Solution File, Format Version 12.00
# Visual Studio 2013
VisualStudioVersion = 12.0.21005.1
MinimumVisualStudioVersion = 10.0.40219.1
Project("{FAE04EC0-301F-11D3-BF4B-00C04F79EFBC}") = "WitnessKingTides.Web.Api", "WitnessKingTides.Web.Api\WitnessKingTides.Web.Api.csproj", "{170C37B0-286E-4E3B-80F4-63772D08B242}"
EndProject
Project("{FAE04EC0-301F-11D3-BF4B-00C04F79EFBC}") = "WitnessKingTides.Web.Prototype", "WitnessKingTides.Web.Prototype\WitnessKingTides.Web.Prototype.csproj", "{9033B02A-E785-487A-84B2-7832949028EC}"
EndProject
Global
	GlobalSection(SolutionConfigurationPlatforms) = preSolution
		Debug|Any CPU = Debug|Any CPU
		Release|Any CPU = Release|Any CPU
	EndGlobalSection
	GlobalSection(ProjectConfigurationPlatforms) = postSolution
		{170C37B0-286E-4E3B-80F4-63772D08B242}.Debug|Any CPU.ActiveCfg = Debug|Any CPU
		{170C37B0-286E-4E3B-80F4-63772D08B242}.Debug|Any CPU.Build.0 = Debug|Any CPU
		{170C37B0-286E-4E3B-80F4-63772D08B242}.Release|Any CPU.ActiveCfg = Release|Any CPU
		{170C37B0-286E-4E3B-80F4-63772D08B242}.Release|Any CPU.Build.0 = Release|Any CPU
		{9033B02A-E785-487A-84B2-7832949028EC}.Debug|Any CPU.ActiveCfg = Debug|Any CPU
		{9033B02A-E785-487A-84B2-7832949028EC}.Debug|Any CPU.Build.0 = Debug|Any CPU
		{9033B02A-E785-487A-84B2-7832949028EC}.Release|Any CPU.ActiveCfg = Release|Any CPU
		{9033B02A-E785-487A-84B2-7832949028EC}.Release|Any CPU.Build.0 = Release|Any CPU
	EndGlobalSection
	GlobalSection(SolutionProperties) = preSolution
		HideSolutionNode = FALSE
	EndGlobalSection
EndGlobal
